
Microsoft Visual Studio Solution File, Format Version 12.00
# Visual Studio Version 17
VisualStudioVersion = 17.10.34928.147
MinimumVisualStudioVersion = 10.0.40219.1
Project("{FAE04EC0-301F-11D3-BF4B-00C04F79EFBC}") = "ImageZoom", "ImageZoom.csproj", "{8A5C7E0C-3356-46BF-840E-915DA17A02BF}"
EndProject
Global
	GlobalSection(SolutionConfigurationPlatforms) = preSolution
		Debug|Any CPU = Debug|Any CPU
		Release|Any CPU = Release|Any CPU
	EndGlobalSection
	GlobalSection(ProjectConfigurationPlatforms) = postSolution
		{8A5C7E0C-3356-46BF-840E-915DA17A02BF}.Debug|Any CPU.ActiveCfg = Debug|Any CPU
		{8A5C7E0C-3356-46BF-840E-915DA17A02BF}.Debug|Any CPU.Build.0 = Debug|Any CPU
		{8A5C7E0C-3356-46BF-840E-915DA17A02BF}.Debug|Any CPU.Deploy.0 = Debug|Any CPU
		{8A5C7E0C-3356-46BF-840E-915DA17A02BF}.Release|Any CPU.ActiveCfg = Release|Any CPU
		{8A5C7E0C-3356-46BF-840E-915DA17A02BF}.Release|Any CPU.Build.0 = Release|Any CPU
		{8A5C7E0C-3356-46BF-840E-915DA17A02BF}.Release|Any CPU.Deploy.0 = Release|Any CPU
	EndGlobalSection
	GlobalSection(SolutionProperties) = preSolution
		HideSolutionNode = FALSE
	EndGlobalSection
	GlobalSection(ExtensibilityGlobals) = postSolution
		SolutionGuid = {D43B3B7A-E2CB-43F3-B2E0-EE0FD4B3529C}
	EndGlobalSection
EndGlobal
